
Microsoft Visual Studio Solution File, Format Version 12.00
# Visual Studio Version 17
VisualStudioVersion = 17.0.31903.59
MinimumVisualStudioVersion = 10.0.40219.1
Project("{FAE04EC0-301F-11D3-BF4B-00C04F79EFBC}") = "PlexRequestsHosted", "PlexRequestsHosted.csproj", "{F3D2EC56-C061-4252-888D-CED60D02E2AF}"
EndProject
Project("{2150E333-8FDC-42A3-9474-1A3956D46DE8}") = "Shared", "Shared", "{4F52FD11-658E-A102-6CD3-7D7C16FFA15B}"
EndProject
Project("{FAE04EC0-301F-11D3-BF4B-00C04F79EFBC}") = "PlexRequests.Shared", "Shared\PlexRequests.Shared.csproj", "{8A81C064-B4CE-41FE-B7D5-B6DF5240045E}"
EndProject
Project("{FAE04EC0-301F-11D3-BF4B-00C04F79EFBC}") = "PlexRequests.Downloader", "PlexRequests.Downloader\PlexRequests.Downloader.csproj", "{A26ED149-B28E-4092-8FED-518958EDB387}"
EndProject
Global
	GlobalSection(SolutionConfigurationPlatforms) = preSolution
		Debug|Any CPU = Debug|Any CPU
		Debug|x64 = Debug|x64
		Debug|x86 = Debug|x86
		Release|Any CPU = Release|Any CPU
		Release|x64 = Release|x64
		Release|x86 = Release|x86
	EndGlobalSection
	GlobalSection(ProjectConfigurationPlatforms) = postSolution
		{F3D2EC56-C061-4252-888D-CED60D02E2AF}.Debug|Any CPU.ActiveCfg = Debug|Any CPU
		{F3D2EC56-C061-4252-888D-CED60D02E2AF}.Debug|Any CPU.Build.0 = Debug|Any CPU
		{F3D2EC56-C061-4252-888D-CED60D02E2AF}.Debug|x64.ActiveCfg = Debug|Any CPU
		{F3D2EC56-C061-4252-888D-CED60D02E2AF}.Debug|x64.Build.0 = Debug|Any CPU
		{F3D2EC56-C061-4252-888D-CED60D02E2AF}.Debug|x86.ActiveCfg = Debug|Any CPU
		{F3D2EC56-C061-4252-888D-CED60D02E2AF}.Debug|x86.Build.0 = Debug|Any CPU
		{F3D2EC56-C061-4252-888D-CED60D02E2AF}.Release|Any CPU.ActiveCfg = Release|Any CPU
		{F3D2EC56-C061-4252-888D-CED60D02E2AF}.Release|Any CPU.Build.0 = Release|Any CPU
		{F3D2EC56-C061-4252-888D-CED60D02E2AF}.Release|x64.ActiveCfg = Release|Any CPU
		{F3D2EC56-C061-4252-888D-CED60D02E2AF}.Release|x64.Build.0 = Release|Any CPU
		{F3D2EC56-C061-4252-888D-CED60D02E2AF}.Release|x86.ActiveCfg = Release|Any CPU
		{F3D2EC56-C061-4252-888D-CED60D02E2AF}.Release|x86.Build.0 = Release|Any CPU
		{8A81C064-B4CE-41FE-B7D5-B6DF5240045E}.Debug|Any CPU.ActiveCfg = Debug|Any CPU
		{8A81C064-B4CE-41FE-B7D5-B6DF5240045E}.Debug|Any CPU.Build.0 = Debug|Any CPU
		{8A81C064-B4CE-41FE-B7D5-B6DF5240045E}.Debug|x64.ActiveCfg = Debug|Any CPU
		{8A81C064-B4CE-41FE-B7D5-B6DF5240045E}.Debug|x64.Build.0 = Debug|Any CPU
		{8A81C064-B4CE-41FE-B7D5-B6DF5240045E}.Debug|x86.ActiveCfg = Debug|Any CPU
		{8A81C064-B4CE-41FE-B7D5-B6DF5240045E}.Debug|x86.Build.0 = Debug|Any CPU
		{8A81C064-B4CE-41FE-B7D5-B6DF5240045E}.Release|Any CPU.ActiveCfg = Release|Any CPU
		{8A81C064-B4CE-41FE-B7D5-B6DF5240045E}.Release|Any CPU.Build.0 = Release|Any CPU
		{8A81C064-B4CE-41FE-B7D5-B6DF5240045E}.Release|x64.ActiveCfg = Release|Any CPU
		{8A81C064-B4CE-41FE-B7D5-B6DF5240045E}.Release|x64.Build.0 = Release|Any CPU
		{8A81C064-B4CE-41FE-B7D5-B6DF5240045E}.Release|x86.ActiveCfg = Release|Any CPU
		{8A81C064-B4CE-41FE-B7D5-B6DF5240045E}.Release|x86.Build.0 = Release|Any CPU
		{A26ED149-B28E-4092-8FED-518958EDB387}.Debug|Any CPU.ActiveCfg = Debug|Any CPU
		{A26ED149-B28E-4092-8FED-518958EDB387}.Debug|Any CPU.Build.0 = Debug|Any CPU
		{A26ED149-B28E-4092-8FED-518958EDB387}.Debug|x64.ActiveCfg = Debug|Any CPU
		{A26ED149-B28E-4092-8FED-518958EDB387}.Debug|x64.Build.0 = Debug|Any CPU
		{A26ED149-B28E-4092-8FED-518958EDB387}.Debug|x86.ActiveCfg = Debug|Any CPU
		{A26ED149-B28E-4092-8FED-518958EDB387}.Debug|x86.Build.0 = Debug|Any CPU
		{A26ED149-B28E-4092-8FED-518958EDB387}.Release|Any CPU.ActiveCfg = Release|Any CPU
		{A26ED149-B28E-4092-8FED-518958EDB387}.Release|Any CPU.Build.0 = Release|Any CPU
		{A26ED149-B28E-4092-8FED-518958EDB387}.Release|x64.ActiveCfg = Release|Any CPU
		{A26ED149-B28E-4092-8FED-518958EDB387}.Release|x64.Build.0 = Release|Any CPU
		{A26ED149-B28E-4092-8FED-518958EDB387}.Release|x86.ActiveCfg = Release|Any CPU
		{A26ED149-B28E-4092-8FED-518958EDB387}.Release|x86.Build.0 = Release|Any CPU
	EndGlobalSection
	GlobalSection(SolutionProperties) = preSolution
		HideSolutionNode = FALSE
	EndGlobalSection
	GlobalSection(NestedProjects) = preSolution
		{8A81C064-B4CE-41FE-B7D5-B6DF5240045E} = {4F52FD11-658E-A102-6CD3-7D7C16FFA15B}
	EndGlobalSection
EndGlobal
